dependencies:
  espressif/button:
    component_hash: ad64de1d1b8aa139564810a8519b2f1ac275a560a512479ee94c1b6983469d4b
    dependencies:
    - name: espressif/cmake_utilities
      registry_url: https://components.espressif.com
      require: private
      version: '*'
    - name: idf
      require: private
      version: '>=4.0'
    source:
      registry_url: https://components.espressif.com/
      type: service
    version: 4.2.0
  espressif/cmake_utilities:
    component_hash: 351350613ceafba240b761b4ea991e0f231ac7a9f59a9ee901f751bddc0bb18f
    dependencies:
    - name: idf
      require: private
      version: '>=4.1'
    source:
      registry_url: https://components.espressif.com
      type: service
    version: 0.5.3
  espressif/esp_lcd_touch:
    component_hash: 3f85a7d95af876f1a6ecca8eb90a81614890d0f03a038390804e5a77e2caf862
    dependencies:
    - name: idf
      require: private
      version: '>=4.4.2'
    source:
      registry_url: https://components.espressif.com
      type: service
    version: 1.2.1
  espressif/esp_lcd_touch_ft5x06:
    component_hash: db480213e061f75f0b94254203e251dc9ee1a79b605e150a69c9c89eb2a0b2dc
    dependencies:
    - name: idf
      require: private
      version: '>=5.0'
    - name: espressif/esp_lcd_touch
      registry_url: https://components.espressif.com
      require: private
      version: ^1.0
    source:
      registry_url: https://components.espressif.com/
      type: service
    version: 1.0.0
  idf:
    source:
      type: idf
    version: 5.4.4
  waveshare/esp_lcd_sh8601:
    component_hash: af135de8ee4a036bcff17bde98e6a96e02202d388fecf6004363e3d3e047943a
    dependencies:
    - name: espressif/cmake_utilities
      registry_url: https://components.espressif.com
      require: private
      version: 0.*
    - name: idf
      require: private
      version: '>=5.3'
    source:
      registry_url: https://components.espressif.com/
      type: service
    version: 2.0.0
direct_dependencies:
- espressif/button
- espressif/esp_lcd_touch_ft5x06
- idf
- waveshare/esp_lcd_sh8601
manifest_hash: 3f6833ad6802cfabe041c0a589344e5e25c00ac7c633b4b17d64c7f018a8e048
target: esp32s3
version: 2.0.0
